
Microsoft Visual Studio Solution File, Format Version 12.00
# Visual Studio Version 17
VisualStudioVersion = 17.0.31903.59
MinimumVisualStudioVersion = 10.0.40219.1
Project("{9A19103F-16F7-4668-BE54-9A1E7A4F7556}") = "CJason", "CJason\CJason.csproj", "{3C23934A-73D5-488E-910F-46CCE7BCCA01}"
EndProject
Project("{9A19103F-16F7-4668-BE54-9A1E7A4F7556}") = "GenTests", "GenTests\GenTests.csproj", "{8830C88B-782F-42F6-9A71-3A5FFA58D827}"
EndProject
Project("{9A19103F-16F7-4668-BE54-9A1E7A4F7556}") = "SpanBuilder", "SpanBuilder\SpanBuilder.csproj", "{067E5B06-1A0A-4629-9F69-4CE973B40B8B}"
EndProject
Project("{9A19103F-16F7-4668-BE54-9A1E7A4F7556}") = "Bench", "Bench\Bench.csproj", "{F9906041-21E6-4493-8DB8-E8F9CFC0B9CB}"
EndProject
Project("{9A19103F-16F7-4668-BE54-9A1E7A4F7556}") = "Artifact", "Artifact\Artifact.csproj", "{F62D705C-4A1B-40AE-8550-2A349B071568}"
EndProject
Project("{9A19103F-16F7-4668-BE54-9A1E7A4F7556}") = "CJason.Provision", "CJason.Provision\CJason.Provision.csproj", "{1CBC8F0B-EE99-4364-A0ED-941341E0A053}"
EndProject
Project("{9A19103F-16F7-4668-BE54-9A1E7A4F7556}") = "Artifact.Tests", "Artifact.Tests\Artifact.Tests.csproj", "{2D63D6F5-0132-49A3-A703-4AC618F233B6}"
EndProject
Project("{FAE04EC0-301F-11D3-BF4B-00C04F79EFBC}") = "Launches", "Launches\Launches.csproj", "{8C43B9C4-66B5-4160-ABE7-29E447FA6992}"
EndProject
Global
	GlobalSection(SolutionConfigurationPlatforms) = preSolution
		Debug|Any CPU = Debug|Any CPU
		Release|Any CPU = Release|Any CPU
	EndGlobalSection
	GlobalSection(ProjectConfigurationPlatforms) = postSolution
		{3C23934A-73D5-488E-910F-46CCE7BCCA01}.Debug|Any CPU.ActiveCfg = Debug|Any CPU
		{3C23934A-73D5-488E-910F-46CCE7BCCA01}.Debug|Any CPU.Build.0 = Debug|Any CPU
		{3C23934A-73D5-488E-910F-46CCE7BCCA01}.Release|Any CPU.ActiveCfg = Release|Any CPU
		{3C23934A-73D5-488E-910F-46CCE7BCCA01}.Release|Any CPU.Build.0 = Release|Any CPU
		{8830C88B-782F-42F6-9A71-3A5FFA58D827}.Debug|Any CPU.ActiveCfg = Debug|Any CPU
		{8830C88B-782F-42F6-9A71-3A5FFA58D827}.Debug|Any CPU.Build.0 = Debug|Any CPU
		{8830C88B-782F-42F6-9A71-3A5FFA58D827}.Release|Any CPU.ActiveCfg = Release|Any CPU
		{8830C88B-782F-42F6-9A71-3A5FFA58D827}.Release|Any CPU.Build.0 = Release|Any CPU
		{067E5B06-1A0A-4629-9F69-4CE973B40B8B}.Debug|Any CPU.ActiveCfg = Debug|Any CPU
		{067E5B06-1A0A-4629-9F69-4CE973B40B8B}.Debug|Any CPU.Build.0 = Debug|Any CPU
		{067E5B06-1A0A-4629-9F69-4CE973B40B8B}.Release|Any CPU.ActiveCfg = Release|Any CPU
		{067E5B06-1A0A-4629-9F69-4CE973B40B8B}.Release|Any CPU.Build.0 = Release|Any CPU
		{F9906041-21E6-4493-8DB8-E8F9CFC0B9CB}.Debug|Any CPU.ActiveCfg = Debug|Any CPU
		{F9906041-21E6-4493-8DB8-E8F9CFC0B9CB}.Debug|Any CPU.Build.0 = Debug|Any CPU
		{F9906041-21E6-4493-8DB8-E8F9CFC0B9CB}.Release|Any CPU.ActiveCfg = Release|Any CPU
		{F9906041-21E6-4493-8DB8-E8F9CFC0B9CB}.Release|Any CPU.Build.0 = Release|Any CPU
		{F62D705C-4A1B-40AE-8550-2A349B071568}.Debug|Any CPU.ActiveCfg = Debug|Any CPU
		{F62D705C-4A1B-40AE-8550-2A349B071568}.Debug|Any CPU.Build.0 = Debug|Any CPU
		{F62D705C-4A1B-40AE-8550-2A349B071568}.Release|Any CPU.ActiveCfg = Release|Any CPU
		{F62D705C-4A1B-40AE-8550-2A349B071568}.Release|Any CPU.Build.0 = Release|Any CPU
		{1CBC8F0B-EE99-4364-A0ED-941341E0A053}.Debug|Any CPU.ActiveCfg = Debug|Any CPU
		{1CBC8F0B-EE99-4364-A0ED-941341E0A053}.Debug|Any CPU.Build.0 = Debug|Any CPU
		{1CBC8F0B-EE99-4364-A0ED-941341E0A053}.Release|Any CPU.ActiveCfg = Release|Any CPU
		{1CBC8F0B-EE99-4364-A0ED-941341E0A053}.Release|Any CPU.Build.0 = Release|Any CPU
		{2D63D6F5-0132-49A3-A703-4AC618F233B6}.Debug|Any CPU.ActiveCfg = Debug|Any CPU
		{2D63D6F5-0132-49A3-A703-4AC618F233B6}.Debug|Any CPU.Build.0 = Debug|Any CPU
		{2D63D6F5-0132-49A3-A703-4AC618F233B6}.Release|Any CPU.ActiveCfg = Release|Any CPU
		{2D63D6F5-0132-49A3-A703-4AC618F233B6}.Release|Any CPU.Build.0 = Release|Any CPU
		{8C43B9C4-66B5-4160-ABE7-29E447FA6992}.Debug|Any CPU.ActiveCfg = Debug|Any CPU
		{8C43B9C4-66B5-4160-ABE7-29E447FA6992}.Debug|Any CPU.Build.0 = Debug|Any CPU
		{8C43B9C4-66B5-4160-ABE7-29E447FA6992}.Release|Any CPU.ActiveCfg = Release|Any CPU
		{8C43B9C4-66B5-4160-ABE7-29E447FA6992}.Release|Any CPU.Build.0 = Release|Any CPU
	EndGlobalSection
	GlobalSection(SolutionProperties) = preSolution
		HideSolutionNode = FALSE
	EndGlobalSection
EndGlobal
